
Microsoft Visual Studio Solution File, Format Version 12.00
# Visual Studio Version 16
VisualStudioVersion = 16.0.31019.35
MinimumVisualStudioVersion = 10.0.40219.1
Project("{FAE04EC0-301F-11D3-BF4B-00C04F79EFBC}") = "Hospital Project", "Hospital Project\Hospital Project.csproj", "{96BA9B0A-74A3-4CAC-AB80-8CC2E98AA8C2}"
EndProject
Global
	GlobalSection(SolutionConfigurationPlatforms) = preSolution
		Debug|Any CPU = Debug|Any CPU
		Release|Any CPU = Release|Any CPU
	EndGlobalSection
	GlobalSection(ProjectConfigurationPlatforms) = postSolution
		{96BA9B0A-74A3-4CAC-AB80-8CC2E98AA8C2}.Debug|Any CPU.ActiveCfg = Debug|Any CPU
		{96BA9B0A-74A3-4CAC-AB80-8CC2E98AA8C2}.Debug|Any CPU.Build.0 = Debug|Any CPU
		{96BA9B0A-74A3-4CAC-AB80-8CC2E98AA8C2}.Release|Any CPU.ActiveCfg = Release|Any CPU
		{96BA9B0A-74A3-4CAC-AB80-8CC2E98AA8C2}.Release|Any CPU.Build.0 = Release|Any CPU
	EndGlobalSection
	GlobalSection(SolutionProperties) = preSolution
		HideSolutionNode = FALSE
	EndGlobalSection
	GlobalSection(ExtensibilityGlobals) = postSolution
		SolutionGuid = {09F283BF-F7E3-490B-B715-340666A9D95C}
	EndGlobalSection
EndGlobal
